
Microsoft Visual Studio Solution File, Format Version 12.00
# Visual Studio Version 17
VisualStudioVersion = 17.3.32819.101
MinimumVisualStudioVersion = 10.0.40219.1
Project("{9A19103F-16F7-4668-BE54-9A1E7A4F7556}") = "App.canchas.infraestructura.datos", "App.alquiler.canchas.infraestructura.datos\App.canchas.infraestructura.datos.csproj", "{3EF57479-21A3-4633-92E1-C2D9B8C48511}"
EndProject
Project("{9A19103F-16F7-4668-BE54-9A1E7A4F7556}") = "App.chanchas.Aplicacion", "App.chanchas.aplicacion\App.chanchas.Aplicacion.csproj", "{0E35694E-1C08-48D8-8395-360DDC7014AD}"
EndProject
Project("{9A19103F-16F7-4668-BE54-9A1E7A4F7556}") = "App.canchas.Dominio", "App.canchas.Dominio\App.canchas.Dominio.csproj", "{FF24B797-E2C6-4123-8B0C-2BC6A6C61E4E}"
EndProject
Project("{9A19103F-16F7-4668-BE54-9A1E7A4F7556}") = "App.chamchas.infraestructura.Api", "App.chamchas.infraestructura.Api\App.chamchas.infraestructura.Api.csproj", "{01F9C463-952D-48E9-97B0-7AB3B0D3B05A}"
EndProject
Project("{FAE04EC0-301F-11D3-BF4B-00C04F79EFBC}") = "TestCanchas", "TestCanchas\TestCanchas.csproj", "{284662F4-3F1F-465A-932E-33F0E7A9A074}"
EndProject
Global
	GlobalSection(SolutionConfigurationPlatforms) = preSolution
		Debug|Any CPU = Debug|Any CPU
		Release|Any CPU = Release|Any CPU
	EndGlobalSection
	GlobalSection(ProjectConfigurationPlatforms) = postSolution
		{3EF57479-21A3-4633-92E1-C2D9B8C48511}.Debug|Any CPU.ActiveCfg = Debug|Any CPU
		{3EF57479-21A3-4633-92E1-C2D9B8C48511}.Debug|Any CPU.Build.0 = Debug|Any CPU
		{3EF57479-21A3-4633-92E1-C2D9B8C48511}.Release|Any CPU.ActiveCfg = Release|Any CPU
		{3EF57479-21A3-4633-92E1-C2D9B8C48511}.Release|Any CPU.Build.0 = Release|Any CPU
		{0E35694E-1C08-48D8-8395-360DDC7014AD}.Debug|Any CPU.ActiveCfg = Debug|Any CPU
		{0E35694E-1C08-48D8-8395-360DDC7014AD}.Debug|Any CPU.Build.0 = Debug|Any CPU
		{0E35694E-1C08-48D8-8395-360DDC7014AD}.Release|Any CPU.ActiveCfg = Release|Any CPU
		{0E35694E-1C08-48D8-8395-360DDC7014AD}.Release|Any CPU.Build.0 = Release|Any CPU
		{FF24B797-E2C6-4123-8B0C-2BC6A6C61E4E}.Debug|Any CPU.ActiveCfg = Debug|Any CPU
		{FF24B797-E2C6-4123-8B0C-2BC6A6C61E4E}.Debug|Any CPU.Build.0 = Debug|Any CPU
		{FF24B797-E2C6-4123-8B0C-2BC6A6C61E4E}.Release|Any CPU.ActiveCfg = Release|Any CPU
		{FF24B797-E2C6-4123-8B0C-2BC6A6C61E4E}.Release|Any CPU.Build.0 = Release|Any CPU
		{01F9C463-952D-48E9-97B0-7AB3B0D3B05A}.Debug|Any CPU.ActiveCfg = Debug|Any CPU
		{01F9C463-952D-48E9-97B0-7AB3B0D3B05A}.Debug|Any CPU.Build.0 = Debug|Any CPU
		{01F9C463-952D-48E9-97B0-7AB3B0D3B05A}.Release|Any CPU.ActiveCfg = Release|Any CPU
		{01F9C463-952D-48E9-97B0-7AB3B0D3B05A}.Release|Any CPU.Build.0 = Release|Any CPU
		{284662F4-3F1F-465A-932E-33F0E7A9A074}.Debug|Any CPU.ActiveCfg = Debug|Any CPU
		{284662F4-3F1F-465A-932E-33F0E7A9A074}.Debug|Any CPU.Build.0 = Debug|Any CPU
		{284662F4-3F1F-465A-932E-33F0E7A9A074}.Release|Any CPU.ActiveCfg = Release|Any CPU
		{284662F4-3F1F-465A-932E-33F0E7A9A074}.Release|Any CPU.Build.0 = Release|Any CPU
	EndGlobalSection
	GlobalSection(SolutionProperties) = preSolution
		HideSolutionNode = FALSE
	EndGlobalSection
	GlobalSection(ExtensibilityGlobals) = postSolution
		SolutionGuid = {9EB7A685-17C3-4F45-97A5-7649563892E3}
	EndGlobalSection
EndGlobal
